lockfileVersion: 5.4

specifiers:
  '@logseq/libs': ^0.0.14

devDependencies:
  '@logseq/libs': 0.0.14

packages:

  /@logseq/libs/0.0.14:
    resolution: {integrity: sha512-QcNeVxb4LIvV4Tid0ABZXV7fxYdZHynzLlukSk6Ydkuus+hBzLcjfK15nzybIRbiV7ANqSgTooDZkV/E4WP57Q==}
    dependencies:
      csstype: 3.1.0
      debug: 4.3.4
      dompurify: 2.3.8
      eventemitter3: 4.0.7
      fast-deep-equal: 3.1.3
      lodash-es: 4.17.21
      path: 0.12.7
      snake-case: 3.0.4
    transitivePeerDependencies:
      - supports-color
    dev: true

  /csstype/3.1.0:
    resolution: {integrity: sha512-uX1KG+x9h5hIJsaKR9xHUeUraxf8IODOwq9JLNPq6BwB04a/xgpq3rcx47l5BZu5zBPlgD342tdke3Hom/nJRA==}
    dev: true

  /debug/4.3.4:
    resolution: {integrity: sha512-PRWFHuSU3eDtQJPvnNY7Jcket1j0t5OuOsFzPPzsekD52Zl8qUfFIPEiswXqIvHWGVHOgX+7G/vCNNhehwxfkQ==}
    engines: {node: '>=6.0'}
    peerDependencies:
      supports-color: '*'
    peerDependenciesMeta:
      supports-color:
        optional: true
    dependencies:
      ms: 2.1.2
    dev: true

  /dompurify/2.3.8:
    resolution: {integrity: sha512-eVhaWoVibIzqdGYjwsBWodIQIaXFSB+cKDf4cfxLMsK0xiud6SE+/WCVx/Xw/UwQsa4cS3T2eITcdtmTg2UKcw==}
    dev: true

  /dot-case/3.0.4:
    resolution: {integrity: sha512-Kv5nKlh6yRrdrGvxeJ2e5y2eRUpkUosIW4A2AS38zwSz27zu7ufDwQPi5Jhs3XAlGNetl3bmnGhQsMtkKJnj3w==}
    dependencies:
      no-case: 3.0.4
      tslib: 2.4.1
    dev: true

  /eventemitter3/4.0.7:
    resolution: {integrity: sha512-8guHBZCwKnFhYdHr2ysuRWErTwhoN2X8XELRlrRwpmfeY2jjuUN4taQMsULKUVo1K4DvZl+0pgfyoysHxvmvEw==}
    dev: true

  /fast-deep-equal/3.1.3:
    resolution: {integrity: sha512-f3qQ9oQy9j2AhBe/H9VC91wLmKBCCU/gDOnKNAYG5hswO7BLKj09Hc5HYNz9cGI++xlpDCIgDaitVs03ATR84Q==}
    dev: true

  /inherits/2.0.3:
    resolution: {integrity: sha512-x00IRNXNy63jwGkJmzPigoySHbaqpNuzKbBOmzK+g2OdZpQ9w+sxCN+VSB3ja7IAge2OP2qpfxTjeNcyjmW1uw==}
    dev: true

  /lodash-es/4.17.21:
    resolution: {integrity: sha512-mKnC+QJ9pWVzv+C4/U3rRsHapFfHvQFoFB92e52xeyGMcX6/OlIl78je1u8vePzYZSkkogMPJ2yjxxsb89cxyw==}
    dev: true

  /lower-case/2.0.2:
    resolution: {integrity: sha512-7fm3l3NAF9WfN6W3JOmf5drwpVqX78JtoGJ3A6W0a6ZnldM41w2fV5D490psKFTpMds8TJse/eHLFFsNHHjHgg==}
    dependencies:
      tslib: 2.4.1
    dev: true

  /ms/2.1.2:
    resolution: {integrity: sha512-sGkPx+VjMtmA6MX27oA4FBFELFCZZ4S4XqeGOXCv68tT+jb3vk/RyaKWP0PTKyWtmLSM0b+adUTEvbs1PEaH2w==}
    dev: true

  /no-case/3.0.4:
    resolution: {integrity: sha512-fgAN3jGAh+RoxUGZHTSOLJIqUc2wmoBwGR4tbpNAKmmovFoWq0OdRkb0VkldReO2a2iBT/OEulG9XSUc10r3zg==}
    dependencies:
      lower-case: 2.0.2
      tslib: 2.4.1
    dev: true

  /path/0.12.7:
    resolution: {integrity: sha512-aXXC6s+1w7otVF9UletFkFcDsJeO7lSZBPUQhtb5O0xJe8LtYhj/GxldoL09bBj9+ZmE2hNoHqQSFMN5fikh4Q==}
    dependencies:
      process: 0.11.10
      util: 0.10.4
    dev: true

  /process/0.11.10:
    resolution: {integrity: sha512-cdGef/drWFoydD1JsMzuFf8100nZl+GT+yacc2bEced5f9Rjk4z+WtFUTBu9PhOi9j/jfmBPu0mMEY4wIdAF8A==}
    engines: {node: '>= 0.6.0'}
    dev: true

  /snake-case/3.0.4:
    resolution: {integrity: sha512-LAOh4z89bGQvl9pFfNF8V146i7o7/CqFPbqzYgP+yYzDIDeS9HaNFtXABamRW+AQzEVODcvE79ljJ+8a9YSdMg==}
    dependencies:
      dot-case: 3.0.4
      tslib: 2.4.1
    dev: true

  /tslib/2.4.1:
    resolution: {integrity: sha512-tGyy4dAjRIEwI7BzsB0lynWgOpfqjUdq91XXAlIWD2OwKBH7oCl/GZG/HT4BOHrTlPMOASlMQ7veyTqpmRcrNA==}
    dev: true

  /util/0.10.4:
    resolution: {integrity: sha512-0Pm9hTQ3se5ll1XihRic3FDIku70C+iHUdT/W926rSgHV5QgXsYbKZN8MSC3tJtSkhuROzvsQjAaFENRXr+19A==}
    dependencies:
      inherits: 2.0.3
    dev: true
